# This file is automatically @generated by Cargo.
# It is not intended for manual editing.
version = 3

[[package]]
name = "evalexpr"
version = "9.0.0"
source = "registry+https://github.com/rust-lang/crates.io-index"
checksum = "0924058b5793a2ff91113f62c3de5e96df6d5ec0f10e213af090522fab820430"

[[package]]
name = "event_22"
version = "0.1.0"
dependencies = [
 "evalexpr",
]
